
Microsoft Visual Studio Solution File, Format Version 12.00
# Visual Studio Version 16
VisualStudioVersion = 16.0.29326.143
MinimumVisualStudioVersion = 10.0.40219.1
Project("{FAE04EC0-301F-11D3-BF4B-00C04F79EFBC}") = "SwaggerApiVersionamento", "SwaggerApiVersionamento\SwaggerApiVersionamento.csproj", "{34EBE741-F163-457D-9DEC-6CB99687C57B}"
EndProject
Global
	GlobalSection(SolutionConfigurationPlatforms) = preSolution
		Debug|Any CPU = Debug|Any CPU
		Release|Any CPU = Release|Any CPU
	EndGlobalSection
	GlobalSection(ProjectConfigurationPlatforms) = postSolution
		{34EBE741-F163-457D-9DEC-6CB99687C57B}.Debug|Any CPU.ActiveCfg = Debug|Any CPU
		{34EBE741-F163-457D-9DEC-6CB99687C57B}.Debug|Any CPU.Build.0 = Debug|Any CPU
		{34EBE741-F163-457D-9DEC-6CB99687C57B}.Release|Any CPU.ActiveCfg = Release|Any CPU
		{34EBE741-F163-457D-9DEC-6CB99687C57B}.Release|Any CPU.Build.0 = Release|Any CPU
	EndGlobalSection
	GlobalSection(SolutionProperties) = preSolution
		HideSolutionNode = FALSE
	EndGlobalSection
	GlobalSection(ExtensibilityGlobals) = postSolution
		SolutionGuid = {58282E4D-FF07-4928-94F7-84C2D2D4587E}
	EndGlobalSection
EndGlobal
